{
  "nodes": {
    "darwin": {
      "inputs": {
        "nixpkgs": [
          "nixpkgs"
        ]
      },
      "locked": {
        "lastModified": 1684774948,
        "narHash": "sha256-hJTaw4dYzcB+lsasKejnafq0CxPsVetn9RLXrcL+4jE=",
        "owner": "lnl7",
        "repo": "nix-darwin",
        "rev": "b8c286c82c6b47826a6c0377e7017052ad91353c",
        "type": "github"
      },
      "original": {
        "owner": "lnl7",
        "repo": "nix-darwin",
        "type": "github"
      }
    },
    "home-manager": {
      "inputs": {
        "nixpkgs": [
          "nixpkgs"
        ]
      },
      "locked": {
        "lastModified": 1685189510,
        "narHash": "sha256-Hq5WF7zIixojPgvhgcd6MBvywwycVZ9wpK/8ogOyoaA=",
        "owner": "nix-community",
        "repo": "home-manager",
        "rev": "2d963854ae2499193c0c72fd67435fee34d3e4fd",
        "type": "github"
      },
      "original": {
        "owner": "nix-community",
        "repo": "home-manager",
        "type": "github"
      }
    },
    "nixos-hardware": {
      "locked": {
        "lastModified": 1684899633,
        "narHash": "sha256-NtwerXX8UFsoNy6k+DukJMriWtEjQtMU/Urbff2O2Dg=",
        "owner": "NixOS",
        "repo": "nixos-hardware",
        "rev": "4cc688ee711159b9bcb5a367be44007934e1a49d",
        "type": "github"
      },
      "original": {
        "owner": "NixOS",
        "ref": "master",
        "repo": "nixos-hardware",
        "type": "github"
      }
    },
    "nixpkgs": {
      "locked": {
        "lastModified": 1684935479,
        "narHash": "sha256-6QMMsXMr2nhmOPHdti2j3KRHt+bai2zw+LJfdCl97Mk=",
        "owner": "nixos",
        "repo": "nixpkgs",
        "rev": "f91ee3065de91a3531329a674a45ddcb3467a650",
        "type": "github"
      },
      "original": {
        "owner": "nixos",
        "ref": "nixos-unstable",
        "repo": "nixpkgs",
        "type": "github"
      }
    },
    "root": {
      "inputs": {
        "darwin": "darwin",
        "home-manager": "home-manager",
        "nixos-hardware": "nixos-hardware",
        "nixpkgs": "nixpkgs"
      }
    }
  },
  "root": "root",
  "version": 7
}
